
Microsoft Visual Studio Solution File, Format Version 12.00
# Visual Studio 15
VisualStudioVersion = 15.0.26124.0
MinimumVisualStudioVersion = 15.0.26124.0
Project("{2150E333-8FDC-42A3-9474-1A3956D46DE8}") = "services", "services", "{9D4C77D0-1F86-40E5-BC44-A82D1AD836DF}"
EndProject
Project("{FAE04EC0-301F-11D3-BF4B-00C04F79EFBC}") = "uConf.Services.Playground", "services\uConf.Services.Playground\uConf.Services.Playground.csproj", "{48CE34DF-1C56-4457-8A1E-C0EE6A4AFD22}"
EndProject
Global
	GlobalSection(SolutionConfigurationPlatforms) = preSolution
		Debug|Any CPU = Debug|Any CPU
		Debug|x64 = Debug|x64
		Debug|x86 = Debug|x86
		Release|Any CPU = Release|Any CPU
		Release|x64 = Release|x64
		Release|x86 = Release|x86
	EndGlobalSection
	GlobalSection(SolutionProperties) = preSolution
		HideSolutionNode = FALSE
	EndGlobalSection
	GlobalSection(ProjectConfigurationPlatforms) = postSolution
		{48CE34DF-1C56-4457-8A1E-C0EE6A4AFD22}.Debug|Any CPU.ActiveCfg = Debug|Any CPU
		{48CE34DF-1C56-4457-8A1E-C0EE6A4AFD22}.Debug|Any CPU.Build.0 = Debug|Any CPU
		{48CE34DF-1C56-4457-8A1E-C0EE6A4AFD22}.Debug|x64.ActiveCfg = Debug|Any CPU
		{48CE34DF-1C56-4457-8A1E-C0EE6A4AFD22}.Debug|x64.Build.0 = Debug|Any CPU
		{48CE34DF-1C56-4457-8A1E-C0EE6A4AFD22}.Debug|x86.ActiveCfg = Debug|Any CPU
		{48CE34DF-1C56-4457-8A1E-C0EE6A4AFD22}.Debug|x86.Build.0 = Debug|Any CPU
		{48CE34DF-1C56-4457-8A1E-C0EE6A4AFD22}.Release|Any CPU.ActiveCfg = Release|Any CPU
		{48CE34DF-1C56-4457-8A1E-C0EE6A4AFD22}.Release|Any CPU.Build.0 = Release|Any CPU
		{48CE34DF-1C56-4457-8A1E-C0EE6A4AFD22}.Release|x64.ActiveCfg = Release|Any CPU
		{48CE34DF-1C56-4457-8A1E-C0EE6A4AFD22}.Release|x64.Build.0 = Release|Any CPU
		{48CE34DF-1C56-4457-8A1E-C0EE6A4AFD22}.Release|x86.ActiveCfg = Release|Any CPU
		{48CE34DF-1C56-4457-8A1E-C0EE6A4AFD22}.Release|x86.Build.0 = Release|Any CPU
	EndGlobalSection
	GlobalSection(NestedProjects) = preSolution
		{48CE34DF-1C56-4457-8A1E-C0EE6A4AFD22} = {9D4C77D0-1F86-40E5-BC44-A82D1AD836DF}
	EndGlobalSection
EndGlobal
